
Microsoft Visual Studio Solution File, Format Version 12.00
# Visual Studio 2012
Project("{FAE04EC0-301F-11D3-BF4B-00C04F79EFBC}") = "threading", "threading.csproj", "{E663B33D-5AB9-4C60-A37F-DC3C4C7019FD}"
EndProject
Global
	GlobalSection(SolutionConfigurationPlatforms) = preSolution
		Debug|Any CPU = Debug|Any CPU
		Release|Any CPU = Release|Any CPU
	EndGlobalSection
	GlobalSection(ProjectConfigurationPlatforms) = postSolution
		{E663B33D-5AB9-4C60-A37F-DC3C4C7019FD}.Debug|Any CPU.ActiveCfg = Debug|Any CPU
		{E663B33D-5AB9-4C60-A37F-DC3C4C7019FD}.Debug|Any CPU.Build.0 = Debug|Any CPU
		{E663B33D-5AB9-4C60-A37F-DC3C4C7019FD}.Release|Any CPU.ActiveCfg = Release|Any CPU
		{E663B33D-5AB9-4C60-A37F-DC3C4C7019FD}.Release|Any CPU.Build.0 = Release|Any CPU
	EndGlobalSection
	GlobalSection(SolutionProperties) = preSolution
		HideSolutionNode = FALSE
	EndGlobalSection
EndGlobal
